// !$*UTF8*$!
{
	archiveVersion = 1;
	classes = {
	};
	objectVersion = 46;
	objects = {

/* Begin PBXBuildFile section */
		A290D70818EFFA59007CADE5 /* Foundation.framework in Frameworks */ = {isa = PBXBuildFile; fileRef = A290D70718EFFA59007CADE5 /* Foundation.framework */; };
		A290D70A18EFFA59007CADE5 /* CoreGraphics.framework in Frameworks */ = {isa = PBXBuildFile; fileRef = A290D70918EFFA59007CADE5 /* CoreGraphics.framework */; };
		A290D70C18EFFA59007CADE5 /* UIKit.framework in Frameworks */ = {isa = PBXBuildFile; fileRef = A290D70B18EFFA59007CADE5 /* UIKit.framework */; };
		A290D71218EFFA5A007CADE5 /* InfoPlist.strings in Resources */ = {isa = PBXBuildFile; fileRef = A290D71018EFFA5A007CADE5 /* InfoPlist.strings */; };
		A290D71418EFFA5A007CADE5 /* main.m in Sources */ = {isa = PBXBuildFile; fileRef = A290D71318EFFA5A007CADE5 /* main.m */; };
		A290D71818EFFA5A007CADE5 /* RITAppDelegate.m in Sources */ = {isa = PBXBuildFile; fileRef = A290D71718EFFA5A007CADE5 /* RITAppDelegate.m */; };
		A290D71B18EFFA5A007CADE5 /* Main.storyboard in Resources */ = {isa = PBXBuildFile; fileRef = A290D71918EFFA5A007CADE5 /* Main.storyboard */; };
		A290D71E18EFFA5A007CADE5 /* RITViewController.m in Sources */ = {isa = PBXBuildFile; fileRef = A290D71D18EFFA5A007CADE5 /* RITViewController.m */; };
		A290D72018EFFA5A007CADE5 /* Images.xcassets in Resources */ = {isa = PBXBuildFile; fileRef = A290D71F18EFFA5A007CADE5 /* Images.xcassets */; };
		A290D72718EFFA5B007CADE5 /* XCTest.framework in Frameworks */ = {isa = PBXBuildFile; fileRef = A290D72618EFFA5A007CADE5 /* XCTest.framework */; };
		A290D72818EFFA5B007CADE5 /* Foundation.framework in Frameworks */ = {isa = PBXBuildFile; fileRef = A290D70718EFFA59007CADE5 /* Foundation.framework */; };
		A290D72918EFFA5B007CADE5 /* UIKit.framework in Frameworks */ = {isa = PBXBuildFile; fileRef = A290D70B18EFFA59007CADE5 /* UIKit.framework */; };
		A290D73118EFFA5B007CADE5 /* InfoPlist.strings in Resources */ = {isa = PBXBuildFile; fileRef = A290D72F18EFFA5B007CADE5 /* InfoPlist.strings */; };
		A290D73318EFFA5B007CADE5 /* _401DrawingsTestHWTests.m in Sources */ = {isa = PBXBuildFile; fileRef = A290D73218EFFA5B007CADE5 /* _401DrawingsTestHWTests.m */; };
		A290D73E18EFFAF0007CADE5 /* RITDravingView.m in Sources */ = {isa = PBXBuildFile; fileRef = A290D73D18EFFAF0007CADE5 /* RITDravingView.m */; };
		A290D74018EFFC0A007CADE5 /* README.md in Resources */ = {isa = PBXBuildFile; fileRef = A290D73F18EFFC0A007CADE5 /* README.md */; };
/* End PBXBuildFile section */

/* Begin PBXContainerItemProxy section */
		A290D72A18EFFA5B007CADE5 /* PBXContainerItemProxy */ = {
			isa = PBXContainerItemProxy;
			containerPortal = A290D6FC18EFFA59007CADE5 /* Project object */;
			proxyType = 1;
			remoteGlobalIDString = A290D70318EFFA59007CADE5;
			remoteInfo = 2401DrawingsTestHW;
		};
/* End PBXContainerItemProxy section */

/* Begin PBXFileReference section */
		A290D70418EFFA59007CADE5 /* 2401DrawingsTestHW.app */ = {isa = PBXFileReference; explicitFileType = wrapper.application; includeInIndex = 0; path = 2401DrawingsTestHW.app; sourceTree = BUILT_PRODUCTS_DIR; };
		A290D70718EFFA59007CADE5 /* Foundation.framework */ = {isa = PBXFileReference; lastKnownFileType = wrapper.framework; name = Foundation.framework; path = System/Library/Frameworks/Foundation.framework; sourceTree = SDKROOT; };
		A290D70918EFFA59007CADE5 /* CoreGraphics.framework */ = {isa = PBXFileReference; lastKnownFileType = wrapper.framework; name = CoreGraphics.framework; path = System/Library/Frameworks/CoreGraphics.framework; sourceTree = SDKROOT; };
		A290D70B18EFFA59007CADE5 /* UIKit.framework */ = {isa = PBXFileReference; lastKnownFileType = wrapper.framework; name = UIKit.framework; path = System/Library/Frameworks/UIKit.framework; sourceTree = SDKROOT; };
		A290D70F18EFFA5A007CADE5 /* 2401DrawingsTestHW-Info.plist */ = {isa = PBXFileReference; lastKnownFileType = text.plist.xml; path = "2401DrawingsTestHW-Info.plist"; sourceTree = "<group>"; };
		A290D71118EFFA5A007CADE5 /* en */ = {isa = PBXFileReference; lastKnownFileType = text.plist.strings; name = en; path = en.lproj/InfoPlist.strings; sourceTree = "<group>"; };
		A290D71318EFFA5A007CADE5 /* main.m */ = {isa = PBXFileReference; lastKnownFileType = sourcecode.c.objc; path = main.m; sourceTree = "<group>"; };
		A290D71518EFFA5A007CADE5 /* 2401DrawingsTestHW-Prefix.pch */ = {isa = PBXFileReference; lastKnownFileType = sourcecode.c.h; path = "2401DrawingsTestHW-Prefix.pch"; sourceTree = "<group>"; };
		A290D71618EFFA5A007CADE5 /* RITAppDelegate.h */ = {isa = PBXFileReference; lastKnownFileType = sourcecode.c.h; path = RITAppDelegate.h; sourceTree = "<group>"; };
		A290D71718EFFA5A007CADE5 /* RITAppDelegate.m */ = {isa = PBXFileReference; lastKnownFileType = sourcecode.c.objc; path = RITAppDelegate.m; sourceTree = "<group>"; };
		A290D71A18EFFA5A007CADE5 /* Base */ = {isa = PBXFileReference; lastKnownFileType = file.storyboard; name = Base; path = Base.lproj/Main.storyboard; sourceTree = "<group>"; };
		A290D71C18EFFA5A007CADE5 /* RITViewController.h */ = {isa = PBXFileReference; lastKnownFileType = sourcecode.c.h; path = RITViewController.h; sourceTree = "<group>"; };
		A290D71D18EFFA5A007CADE5 /* RITViewController.m */ = {isa = PBXFileReference; lastKnownFileType = sourcecode.c.objc; path = RITViewController.m; sourceTree = "<group>"; };
		A290D71F18EFFA5A007CADE5 /* Images.xcassets */ = {isa = PBXFileReference; lastKnownFileType = folder.assetcatalog; path = Images.xcassets; sourceTree = "<group>"; };
		A290D72518EFFA5A007CADE5 /* 2401DrawingsTestHWTests.xctest */ = {isa = PBXFileReference; explicitFileType = wrapper.cfbundle; includeInIndex = 0; path = 2401DrawingsTestHWTests.xctest; sourceTree = BUILT_PRODUCTS_DIR; };
		A290D72618EFFA5A007CADE5 /* XCTest.framework */ = {isa = PBXFileReference; lastKnownFileType = wrapper.framework; name = XCTest.framework; path = Library/Frameworks/XCTest.framework; sourceTree = DEVELOPER_DIR; };
		A290D72E18EFFA5B007CADE5 /* 2401DrawingsTestHWTests-Info.plist */ = {isa = PBXFileReference; lastKnownFileType = text.plist.xml; path = "2401DrawingsTestHWTests-Info.plist"; sourceTree = "<group>"; };
		A290D73018EFFA5B007CADE5 /* en */ = {isa = PBXFileReference; lastKnownFileType = text.plist.strings; name = en; path = en.lproj/InfoPlist.strings; sourceTree = "<group>"; };
		A290D73218EFFA5B007CADE5 /* _401DrawingsTestHWTests.m */ = {isa = PBXFileReference; lastKnownFileType = sourcecode.c.objc; path = _401DrawingsTestHWTests.m; sourceTree = "<group>"; };
		A290D73C18EFFAF0007CADE5 /* RITDravingView.h */ = {isa = PBXFileReference; fileEncoding = 4; lastKnownFileType = sourcecode.c.h; name = RITDravingView.h; path = ../RITDravingView.h; sourceTree = "<group>"; };
		A290D73D18EFFAF0007CADE5 /* RITDravingView.m */ = {isa = PBXFileReference; fileEncoding = 4; lastKnownFileType = sourcecode.c.objc; name = RITDravingView.m; path = ../RITDravingView.m; sourceTree = "<group>"; };
		A290D73F18EFFC0A007CADE5 /* README.md */ = {isa = PBXFileReference; fileEncoding = 4; lastKnownFileType = text; path = README.md; sourceTree = "<group>"; };
/* End PBXFileReference section */

/* Begin PBXFrameworksBuildPhase section */
		A290D70118EFFA59007CADE5 /* Frameworks */ = {
			isa = PBXFrameworksBuildPhase;
			buildActionMask = 2147483647;
			files = (
				A290D70A18EFFA59007CADE5 /* CoreGraphics.framework in Frameworks */,
				A290D70C18EFFA59007CADE5 /* UIKit.framework in Frameworks */,
				A290D70818EFFA59007CADE5 /* Foundation.framework in Frameworks */,
			);
			runOnlyForDeploymentPostprocessing = 0;
		};
		A290D72218EFFA5A007CADE5 /* Frameworks */ = {
			isa = PBXFrameworksBuildPhase;
			buildActionMask = 2147483647;
			files = (
				A290D72718EFFA5B007CADE5 /* XCTest.framework in Frameworks */,
				A290D72918EFFA5B007CADE5 /* UIKit.framework in Frameworks */,
				A290D72818EFFA5B007CADE5 /* Foundation.framework in Frameworks */,
			);
			runOnlyForDeploymentPostprocessing = 0;
		};
/* End PBXFrameworksBuildPhase section */

/* Begin PBXGroup section */
		A290D6FB18EFFA59007CADE5 = {
			isa = PBXGroup;
			children = (
				A290D73F18EFFC0A007CADE5 /* README.md */,
				A290D70D18EFFA59007CADE5 /* 2401DrawingsTestHW */,
				A290D72C18EFFA5B007CADE5 /* 2401DrawingsTestHWTests */,
				A290D70618EFFA59007CADE5 /* Frameworks */,
				A290D70518EFFA59007CADE5 /* Products */,
			);
			sourceTree = "<group>";
		};
		A290D70518EFFA59007CADE5 /* Products */ = {
			isa = PBXGroup;
			children = (
				A290D70418EFFA59007CADE5 /* 2401DrawingsTestHW.app */,
				A290D72518EFFA5A007CADE5 /* 2401DrawingsTestHWTests.xctest */,
			);
			name = Products;
			sourceTree = "<group>";
		};
		A290D70618EFFA59007CADE5 /* Frameworks */ = {
			isa = PBXGroup;
			children = (
				A290D70718EFFA59007CADE5 /* Foundation.framework */,
				A290D70918EFFA59007CADE5 /* CoreGraphics.framework */,
				A290D70B18EFFA59007CADE5 /* UIKit.framework */,
				A290D72618EFFA5A007CADE5 /* XCTest.framework */,
			);
			name = Frameworks;
			sourceTree = "<group>";
		};
		A290D70D18EFFA59007CADE5 /* 2401DrawingsTestHW */ = {
			isa = PBXGroup;
			children = (
				A290D73C18EFFAF0007CADE5 /* RITDravingView.h */,
				A290D73D18EFFAF0007CADE5 /* RITDravingView.m */,
				A290D71618EFFA5A007CADE5 /* RITAppDelegate.h */,
				A290D71718EFFA5A007CADE5 /* RITAppDelegate.m */,
				A290D71918EFFA5A007CADE5 /* Main.storyboard */,
				A290D71C18EFFA5A007CADE5 /* RITViewController.h */,
				A290D71D18EFFA5A007CADE5 /* RITViewController.m */,
				A290D71F18EFFA5A007CADE5 /* Images.xcassets */,
				A290D70E18EFFA5A007CADE5 /* Supporting Files */,
			);
			path = 2401DrawingsTestHW;
			sourceTree = "<group>";
		};
		A290D70E18EFFA5A007CADE5 /* Supporting Files */ = {
			isa = PBXGroup;
			children = (
				A290D70F18EFFA5A007CADE5 /* 2401DrawingsTestHW-Info.plist */,
				A290D71018EFFA5A007CADE5 /* InfoPlist.strings */,
				A290D71318EFFA5A007CADE5 /* main.m */,
				A290D71518EFFA5A007CADE5 /* 2401DrawingsTestHW-Prefix.pch */,
			);
			name = "Supporting Files";
			sourceTree = "<group>";
		};
		A290D72C18EFFA5B007CADE5 /* 2401DrawingsTestHWTests */ = {
			isa = PBXGroup;
			children = (
				A290D73218EFFA5B007CADE5 /* _401DrawingsTestHWTests.m */,
				A290D72D18EFFA5B007CADE5 /* Supporting Files */,
			);
			path = 2401DrawingsTestHWTests;
			sourceTree = "<group>";
		};
		A290D72D18EFFA5B007CADE5 /* Supporting Files */ = {
			isa = PBXGroup;
			children = (
				A290D72E18EFFA5B007CADE5 /* 2401DrawingsTestHWTests-Info.plist */,
				A290D72F18EFFA5B007CADE5 /* InfoPlist.strings */,
			);
			name = "Supporting Files";
			sourceTree = "<group>";
		};
/* End PBXGroup section */

/* Begin PBXNativeTarget section */
		A290D70318EFFA59007CADE5 /* 2401DrawingsTestHW */ = {
			isa = PBXNativeTarget;
			buildConfigurationList = A290D73618EFFA5B007CADE5 /* Build configuration list for PBXNativeTarget "2401DrawingsTestHW" */;
			buildPhases = (
				A290D70018EFFA59007CADE5 /* Sources */,
				A290D70118EFFA59007CADE5 /* Frameworks */,
				A290D70218EFFA59007CADE5 /* Resources */,
			);
			buildRules = (
			);
			dependencies = (
			);
			name = 2401DrawingsTestHW;
			productName = 2401DrawingsTestHW;
			productReference = A290D70418EFFA59007CADE5 /* 2401DrawingsTestHW.app */;
			productType = "com.apple.product-type.application";
		};
		A290D72418EFFA5A007CADE5 /* 2401DrawingsTestHWTests */ = {
			isa = PBXNativeTarget;
			buildConfigurationList = A290D73918EFFA5B007CADE5 /* Build configuration list for PBXNativeTarget "2401DrawingsTestHWTests" */;
			buildPhases = (
				A290D72118EFFA5A007CADE5 /* Sources */,
				A290D72218EFFA5A007CADE5 /* Frameworks */,
				A290D72318EFFA5A007CADE5 /* Resources */,
			);
			buildRules = (
			);
			dependencies = (
				A290D72B18EFFA5B007CADE5 /* PBXTargetDependency */,
			);
			name = 2401DrawingsTestHWTests;
			productName = 2401DrawingsTestHWTests;
			productReference = A290D72518EFFA5A007CADE5 /* 2401DrawingsTestHWTests.xctest */;
			productType = "com.apple.product-type.bundle.unit-test";
		};
/* End PBXNativeTarget section */

/* Begin PBXProject section */
		A290D6FC18EFFA59007CADE5 /* Project object */ = {
			isa = PBXProject;
			attributes = {
				CLASSPREFIX = RIT;
				LastUpgradeCheck = 0510;
				ORGANIZATIONNAME = "Pronin Alexander";
				TargetAttributes = {
					A290D72418EFFA5A007CADE5 = {
						TestTargetID = A290D70318EFFA59007CADE5;
					};
				};
			};
			buildConfigurationList = A290D6FF18EFFA59007CADE5 /* Build configuration list for PBXProject "2401DrawingsTestHW" */;
			compatibilityVersion = "Xcode 3.2";
			developmentRegion = English;
			hasScannedForEncodings = 0;
			knownRegions = (
				en,
				Base,
			);
			mainGroup = A290D6FB18EFFA59007CADE5;
			productRefGroup = A290D70518EFFA59007CADE5 /* Products */;
			projectDirPath = "";
			projectRoot = "";
			targets = (
				A290D70318EFFA59007CADE5 /* 2401DrawingsTestHW */,
				A290D72418EFFA5A007CADE5 /* 2401DrawingsTestHWTests */,
			);
		};
/* End PBXProject section */

/* Begin PBXResourcesBuildPhase section */
		A290D70218EFFA59007CADE5 /* Resources */ = {
			isa = PBXResourcesBuildPhase;
			buildActionMask = 2147483647;
			files = (
				A290D72018EFFA5A007CADE5 /* Images.xcassets in Resources */,
				A290D71218EFFA5A007CADE5 /* InfoPlist.strings in Resources */,
				A290D74018EFFC0A007CADE5 /* README.md in Resources */,
				A290D71B18EFFA5A007CADE5 /* Main.storyboard in Resources */,
			);
			runOnlyForDeploymentPostprocessing = 0;
		};
		A290D72318EFFA5A007CADE5 /* Resources */ = {
			isa = PBXResourcesBuildPhase;
			buildActionMask = 2147483647;
			files = (
				A290D73118EFFA5B007CADE5 /* InfoPlist.strings in Resources */,
			);
			runOnlyForDeploymentPostprocessing = 0;
		};
/* End PBXResourcesBuildPhase section */

/* Begin PBXSourcesBuildPhase section */
		A290D70018EFFA59007CADE5 /* Sources */ = {
			isa = PBXSourcesBuildPhase;
			buildActionMask = 2147483647;
			files = (
				A290D73E18EFFAF0007CADE5 /* RITDravingView.m in Sources */,
				A290D71818EFFA5A007CADE5 /* RITAppDelegate.m in Sources */,
				A290D71418EFFA5A007CADE5 /* main.m in Sources */,
				A290D71E18EFFA5A007CADE5 /* RITViewController.m in Sources */,
			);
			runOnlyForDeploymentPostprocessing = 0;
		};
		A290D72118EFFA5A007CADE5 /* Sources */ = {
			isa = PBXSourcesBuildPhase;
			buildActionMask = 2147483647;
			files = (
				A290D73318EFFA5B007CADE5 /* _401DrawingsTestHWTests.m in Sources */,
			);
			runOnlyForDeploymentPostprocessing = 0;
		};
/* End PBXSourcesBuildPhase section */

/* Begin PBXTargetDependency section */
		A290D72B18EFFA5B007CADE5 /* PBXTargetDependency */ = {
			isa = PBXTargetDependency;
			target = A290D70318EFFA59007CADE5 /* 2401DrawingsTestHW */;
			targetProxy = A290D72A18EFFA5B007CADE5 /* PBXContainerItemProxy */;
		};
/* End PBXTargetDependency section */

/* Begin PBXVariantGroup section */
		A290D71018EFFA5A007CADE5 /* InfoPlist.strings */ = {
			isa = PBXVariantGroup;
			children = (
				A290D71118EFFA5A007CADE5 /* en */,
			);
			name = InfoPlist.strings;
			sourceTree = "<group>";
		};
		A290D71918EFFA5A007CADE5 /* Main.storyboard */ = {
			isa = PBXVariantGroup;
			children = (
				A290D71A18EFFA5A007CADE5 /* Base */,
			);
			name = Main.storyboard;
			sourceTree = "<group>";
		};
		A290D72F18EFFA5B007CADE5 /* InfoPlist.strings */ = {
			isa = PBXVariantGroup;
			children = (
				A290D73018EFFA5B007CADE5 /* en */,
			);
			name = InfoPlist.strings;
			sourceTree = "<group>";
		};
/* End PBXVariantGroup section */

/* Begin XCBuildConfiguration section */
		A290D73418EFFA5B007CADE5 /* Debug */ = {
			isa = XCBuildConfiguration;
			buildSettings = {
				ALWAYS_SEARCH_USER_PATHS = NO;
				CLANG_CXX_LANGUAGE_STANDARD = "gnu++0x";
				CLANG_CXX_LIBRARY = "libc++";
				CLANG_ENABLE_MODULES = YES;
				CLANG_ENABLE_OBJC_ARC = YES;
				CLANG_WARN_BOOL_CONVERSION = YES;
				CLANG_WARN_CONSTANT_CONVERSION = YES;
				CLANG_WARN_DIRECT_OBJC_ISA_USAGE = YES_ERROR;
				CLANG_WARN_EMPTY_BODY = YES;
				CLANG_WARN_ENUM_CONVERSION = YES;
				CLANG_WARN_INT_CONVERSION = YES;
				CLANG_WARN_OBJC_ROOT_CLASS = YES_ERROR;
				CLANG_WARN__DUPLICATE_METHOD_MATCH = YES;
				"CODE_SIGN_IDENTITY[sdk=iphoneos*]" = "iPhone Developer";
				COPY_PHASE_STRIP = NO;
				GCC_C_LANGUAGE_STANDARD = gnu99;
				GCC_DYNAMIC_NO_PIC = NO;
				GCC_OPTIMIZATION_LEVEL = 0;
				GCC_PREPROCESSOR_DEFINITIONS = (
					"DEBUG=1",
					"$(inherited)",
				);
				GCC_SYMBOLS_PRIVATE_EXTERN = NO;
				GCC_WARN_64_TO_32_BIT_CONVERSION = YES;
				GCC_WARN_ABOUT_RETURN_TYPE = YES_ERROR;
				GCC_WARN_UNDECLARED_SELECTOR = YES;
				GCC_WARN_UNINITIALIZED_AUTOS = YES;
				GCC_WARN_UNUSED_FUNCTION = YES;
				GCC_WARN_UNUSED_VARIABLE = YES;
				IPHONEOS_DEPLOYMENT_TARGET = 7.0;
				ONLY_ACTIVE_ARCH = YES;
				SDKROOT = iphoneos;
				TARGETED_DEVICE_FAMILY = 2;
			};
			name = Debug;
		};
		A290D73518EFFA5B007CADE5 /* Release */ = {
			isa = XCBuildConfiguration;
			buildSettings = {
				ALWAYS_SEARCH_USER_PATHS = NO;
				CLANG_CXX_LANGUAGE_STANDARD = "gnu++0x";
				CLANG_CXX_LIBRARY = "libc++";
				CLANG_ENABLE_MODULES = YES;
				CLANG_ENABLE_OBJC_ARC = YES;
				CLANG_WARN_BOOL_CONVERSION = YES;
				CLANG_WARN_CONSTANT_CONVERSION = YES;
				CLANG_WARN_DIRECT_OBJC_ISA_USAGE = YES_ERROR;
				CLANG_WARN_EMPTY_BODY = YES;
				CLANG_WARN_ENUM_CONVERSION = YES;
				CLANG_WARN_INT_CONVERSION = YES;
				CLANG_WARN_OBJC_ROOT_CLASS = YES_ERROR;
				CLANG_WARN__DUPLICATE_METHOD_MATCH = YES;
				"CODE_SIGN_IDENTITY[sdk=iphoneos*]" = "iPhone Developer";
				COPY_PHASE_STRIP = YES;
				ENABLE_NS_ASSERTIONS = NO;
				GCC_C_LANGUAGE_STANDARD = gnu99;
				GCC_WARN_64_TO_32_BIT_CONVERSION = YES;
				GCC_WARN_ABOUT_RETURN_TYPE = YES_ERROR;
				GCC_WARN_UNDECLARED_SELECTOR = YES;
				GCC_WARN_UNINITIALIZED_AUTOS = YES;
				GCC_WARN_UNUSED_FUNCTION = YES;
				GCC_WARN_UNUSED_VARIABLE = YES;
				IPHONEOS_DEPLOYMENT_TARGET = 7.0;
				SDKROOT = iphoneos;
				TARGETED_DEVICE_FAMILY = 2;
				VALIDATE_PRODUCT = YES;
			};
			name = Release;
		};
		A290D73718EFFA5B007CADE5 /* Debug */ = {
			isa = XCBuildConfiguration;
			buildSettings = {
				ASSETCATALOG_COMPILER_APPICON_NAME = AppIcon;
				ASSETCATALOG_COMPILER_LAUNCHIMAGE_NAME = LaunchImage;
				GCC_PRECOMPILE_PREFIX_HEADER = YES;
				GCC_PREFIX_HEADER = "2401DrawingsTestHW/2401DrawingsTestHW-Prefix.pch";
				INFOPLIST_FILE = "2401DrawingsTestHW/2401DrawingsTestHW-Info.plist";
				PRODUCT_NAME = "$(TARGET_NAME)";
				WRAPPER_EXTENSION = app;
			};
			name = Debug;
		};
		A290D73818EFFA5B007CADE5 /* Release */ = {
			isa = XCBuildConfiguration;
			buildSettings = {
				ASSETCATALOG_COMPILER_APPICON_NAME = AppIcon;
				ASSETCATALOG_COMPILER_LAUNCHIMAGE_NAME = LaunchImage;
				GCC_PRECOMPILE_PREFIX_HEADER = YES;
				GCC_PREFIX_HEADER = "2401DrawingsTestHW/2401DrawingsTestHW-Prefix.pch";
				INFOPLIST_FILE = "2401DrawingsTestHW/2401DrawingsTestHW-Info.plist";
				PRODUCT_NAME = "$(TARGET_NAME)";
				WRAPPER_EXTENSION = app;
			};
			name = Release;
		};
		A290D73A18EFFA5B007CADE5 /* Debug */ = {
			isa = XCBuildConfiguration;
			buildSettings = {
				BUNDLE_LOADER = "$(BUILT_PRODUCTS_DIR)/2401DrawingsTestHW.app/2401DrawingsTestHW";
				FRAMEWORK_SEARCH_PATHS = (
					"$(SDKROOT)/Developer/Library/Frameworks",
					"$(inherited)",
					"$(DEVELOPER_FRAMEWORKS_DIR)",
				);
				GCC_PRECOMPILE_PREFIX_HEADER = YES;
				GCC_PREFIX_HEADER = "2401DrawingsTestHW/2401DrawingsTestHW-Prefix.pch";
				GCC_PREPROCESSOR_DEFINITIONS = (
					"DEBUG=1",
					"$(inherited)",
				);
				INFOPLIST_FILE = "2401DrawingsTestHWTests/2401DrawingsTestHWTests-Info.plist";
				PRODUCT_NAME = "$(TARGET_NAME)";
				TEST_HOST = "$(BUNDLE_LOADER)";
				WRAPPER_EXTENSION = xctest;
			};
			name = Debug;
		};
		A290D73B18EFFA5B007CADE5 /* Release */ = {
			isa = XCBuildConfiguration;
			buildSettings = {
				BUNDLE_LOADER = "$(BUILT_PRODUCTS_DIR)/2401DrawingsTestHW.app/2401DrawingsTestHW";
				FRAMEWORK_SEARCH_PATHS = (
					"$(SDKROOT)/Developer/Library/Frameworks",
					"$(inherited)",
					"$(DEVELOPER_FRAMEWORKS_DIR)",
				);
				GCC_PRECOMPILE_PREFIX_HEADER = YES;
				GCC_PREFIX_HEADER = "2401DrawingsTestHW/2401DrawingsTestHW-Prefix.pch";
				INFOPLIST_FILE = "2401DrawingsTestHWTests/2401DrawingsTestHWTests-Info.plist";
				PRODUCT_NAME = "$(TARGET_NAME)";
				TEST_HOST = "$(BUNDLE_LOADER)";
				WRAPPER_EXTENSION = xctest;
			};
			name = Release;
		};
/* End XCBuildConfiguration section */

/* Begin XCConfigurationList section */
		A290D6FF18EFFA59007CADE5 /* Build configuration list for PBXProject "2401DrawingsTestHW" */ = {
			isa = XCConfigurationList;
			buildConfigurations = (
				A290D73418EFFA5B007CADE5 /* Debug */,
				A290D73518EFFA5B007CADE5 /* Release */,
			);
			defaultConfigurationIsVisible = 0;
			defaultConfigurationName = Release;
		};
		A290D73618EFFA5B007CADE5 /* Build configuration list for PBXNativeTarget "2401DrawingsTestHW" */ = {
			isa = XCConfigurationList;
			buildConfigurations = (
				A290D73718EFFA5B007CADE5 /* Debug */,
				A290D73818EFFA5B007CADE5 /* Release */,
			);
			defaultConfigurationIsVisible = 0;
			defaultConfigurationName = Release;
		};
		A290D73918EFFA5B007CADE5 /* Build configuration list for PBXNativeTarget "2401DrawingsTestHWTests" */ = {
			isa = XCConfigurationList;
			buildConfigurations = (
				A290D73A18EFFA5B007CADE5 /* Debug */,
				A290D73B18EFFA5B007CADE5 /* Release */,
			);
			defaultConfigurationIsVisible = 0;
			defaultConfigurationName = Release;
		};
/* End XCConfigurationList section */
	};
	rootObject = A290D6FC18EFFA59007CADE5 /* Project object */;
}
